Microsoft Visual Studio Solution File, Format Version 12.00
# Visual Studio 15
VisualStudioVersion = 15.0.26124.0
MinimumVisualStudioVersion = 15.0.26124.0
Project("{9A19103F-16F7-4668-BE54-9A1E7A4F7556}") = "Homeworks.BusinessLogic", "Homeworks.BusinessLogic\Homeworks.BusinessLogic.csproj", "{931C40C3-CCBE-4D6B-8440-A5DACD4E7154}"
EndProject
Project("{9A19103F-16F7-4668-BE54-9A1E7A4F7556}") = "Homeworks.DataAccess", "Homeworks.DataAccess\Homeworks.DataAccess.csproj", "{03CF1BE9-51C5-494A-BF69-0CA78818F5E1}"
EndProject
Project("{9A19103F-16F7-4668-BE54-9A1E7A4F7556}") = "Homeworks.Domain", "Homeworks.Domain\Homeworks.Domain.csproj", "{1B0FBA90-A303-40D0-8B4A-1848D357FC5A}"
EndProject
Project("{9A19103F-16F7-4668-BE54-9A1E7A4F7556}") = "Homeworks.BusinessLogic.Interface", "Homeworks.BusinessLogic.Interface\Homeworks.BusinessLogic.Interface.csproj", "{227A02A6-FD87-422A-BDD1-4396F62114C2}"
EndProject
Project("{9A19103F-16F7-4668-BE54-9A1E7A4F7556}") = "Homeworks.DataAccess.Interface", "Homeworks.DataAccess.Interface\Homeworks.DataAccess.Interface.csproj", "{0B506791-7AFE-44ED-BCBC-538AFD30D949}"
EndProject
Global
	GlobalSection(SolutionConfigurationPlatforms) = preSolution
		Debug|Any CPU = Debug|Any CPU
		Debug|x64 = Debug|x64
		Debug|x86 = Debug|x86
		Release|Any CPU = Release|Any CPU
		Release|x64 = Release|x64
		Release|x86 = Release|x86
	EndGlobalSection
	GlobalSection(ProjectConfigurationPlatforms) = postSolution
		{931C40C3-CCBE-4D6B-8440-A5DACD4E7154}.Debug|Any CPU.ActiveCfg = Debug|Any CPU
		{931C40C3-CCBE-4D6B-8440-A5DACD4E7154}.Debug|Any CPU.Build.0 = Debug|Any CPU
		{931C40C3-CCBE-4D6B-8440-A5DACD4E7154}.Debug|x64.ActiveCfg = Debug|Any CPU
		{931C40C3-CCBE-4D6B-8440-A5DACD4E7154}.Debug|x64.Build.0 = Debug|Any CPU
		{931C40C3-CCBE-4D6B-8440-A5DACD4E7154}.Debug|x86.ActiveCfg = Debug|Any CPU
		{931C40C3-CCBE-4D6B-8440-A5DACD4E7154}.Debug|x86.Build.0 = Debug|Any CPU
		{931C40C3-CCBE-4D6B-8440-A5DACD4E7154}.Release|Any CPU.ActiveCfg = Release|Any CPU
		{931C40C3-CCBE-4D6B-8440-A5DACD4E7154}.Release|Any CPU.Build.0 = Release|Any CPU
		{931C40C3-CCBE-4D6B-8440-A5DACD4E7154}.Release|x64.ActiveCfg = Release|Any CPU
		{931C40C3-CCBE-4D6B-8440-A5DACD4E7154}.Release|x64.Build.0 = Release|Any CPU
		{931C40C3-CCBE-4D6B-8440-A5DACD4E7154}.Release|x86.ActiveCfg = Release|Any CPU
		{931C40C3-CCBE-4D6B-8440-A5DACD4E7154}.Release|x86.Build.0 = Release|Any CPU
		{03CF1BE9-51C5-494A-BF69-0CA78818F5E1}.Debug|Any CPU.ActiveCfg = Debug|Any CPU
		{03CF1BE9-51C5-494A-BF69-0CA78818F5E1}.Debug|Any CPU.Build.0 = Debug|Any CPU
		{03CF1BE9-51C5-494A-BF69-0CA78818F5E1}.Debug|x64.ActiveCfg = Debug|Any CPU
		{03CF1BE9-51C5-494A-BF69-0CA78818F5E1}.Debug|x64.Build.0 = Debug|Any CPU
		{03CF1BE9-51C5-494A-BF69-0CA78818F5E1}.Debug|x86.ActiveCfg = Debug|Any CPU
		{03CF1BE9-51C5-494A-BF69-0CA78818F5E1}.Debug|x86.Build.0 = Debug|Any CPU
		{03CF1BE9-51C5-494A-BF69-0CA78818F5E1}.Release|Any CPU.ActiveCfg = Release|Any CPU
		{03CF1BE9-51C5-494A-BF69-0CA78818F5E1}.Release|Any CPU.Build.0 = Release|Any CPU
		{03CF1BE9-51C5-494A-BF69-0CA78818F5E1}.Release|x64.ActiveCfg = Release|Any CPU
		{03CF1BE9-51C5-494A-BF69-0CA78818F5E1}.Release|x64.Build.0 = Release|Any CPU
		{03CF1BE9-51C5-494A-BF69-0CA78818F5E1}.Release|x86.ActiveCfg = Release|Any CPU
		{03CF1BE9-51C5-494A-BF69-0CA78818F5E1}.Release|x86.Build.0 = Release|Any CPU
		{1B0FBA90-A303-40D0-8B4A-1848D357FC5A}.Debug|Any CPU.ActiveCfg = Debug|Any CPU
		{1B0FBA90-A303-40D0-8B4A-1848D357FC5A}.Debug|Any CPU.Build.0 = Debug|Any CPU
		{1B0FBA90-A303-40D0-8B4A-1848D357FC5A}.Debug|x64.ActiveCfg = Debug|Any CPU
		{1B0FBA90-A303-40D0-8B4A-1848D357FC5A}.Debug|x64.Build.0 = Debug|Any CPU
		{1B0FBA90-A303-40D0-8B4A-1848D357FC5A}.Debug|x86.ActiveCfg = Debug|Any CPU
		{1B0FBA90-A303-40D0-8B4A-1848D357FC5A}.Debug|x86.Build.0 = Debug|Any CPU
		{1B0FBA90-A303-40D0-8B4A-1848D357FC5A}.Release|Any CPU.ActiveCfg = Release|Any CPU
		{1B0FBA90-A303-40D0-8B4A-1848D357FC5A}.Release|Any CPU.Build.0 = Release|Any CPU
		{1B0FBA90-A303-40D0-8B4A-1848D357FC5A}.Release|x64.ActiveCfg = Release|Any CPU
		{1B0FBA90-A303-40D0-8B4A-1848D357FC5A}.Release|x64.Build.0 = Release|Any CPU
		{1B0FBA90-A303-40D0-8B4A-1848D357FC5A}.Release|x86.ActiveCfg = Release|Any CPU
		{1B0FBA90-A303-40D0-8B4A-1848D357FC5A}.Release|x86.Build.0 = Release|Any CPU
		{227A02A6-FD87-422A-BDD1-4396F62114C2}.Debug|Any CPU.ActiveCfg = Debug|Any CPU
		{227A02A6-FD87-422A-BDD1-4396F62114C2}.Debug|Any CPU.Build.0 = Debug|Any CPU
		{227A02A6-FD87-422A-BDD1-4396F62114C2}.Debug|x64.ActiveCfg = Debug|Any CPU
		{227A02A6-FD87-422A-BDD1-4396F62114C2}.Debug|x64.Build.0 = Debug|Any CPU
		{227A02A6-FD87-422A-BDD1-4396F62114C2}.Debug|x86.ActiveCfg = Debug|Any CPU
		{227A02A6-FD87-422A-BDD1-4396F62114C2}.Debug|x86.Build.0 = Debug|Any CPU
		{227A02A6-FD87-422A-BDD1-4396F62114C2}.Release|Any CPU.ActiveCfg = Release|Any CPU
		{227A02A6-FD87-422A-BDD1-4396F62114C2}.Release|Any CPU.Build.0 = Release|Any CPU
		{227A02A6-FD87-422A-BDD1-4396F62114C2}.Release|x64.ActiveCfg = Release|Any CPU
		{227A02A6-FD87-422A-BDD1-4396F62114C2}.Release|x64.Build.0 = Release|Any CPU
		{227A02A6-FD87-422A-BDD1-4396F62114C2}.Release|x86.ActiveCfg = Release|Any CPU
		{227A02A6-FD87-422A-BDD1-4396F62114C2}.Release|x86.Build.0 = Release|Any CPU
		{0B506791-7AFE-44ED-BCBC-538AFD30D949}.Debug|Any CPU.ActiveCfg = Debug|Any CPU
		{0B506791-7AFE-44ED-BCBC-538AFD30D949}.Debug|Any CPU.Build.0 = Debug|Any CPU
		{0B506791-7AFE-44ED-BCBC-538AFD30D949}.Debug|x64.ActiveCfg = Debug|Any CPU
		{0B506791-7AFE-44ED-BCBC-538AFD30D949}.Debug|x64.Build.0 = Debug|Any CPU
		{0B506791-7AFE-44ED-BCBC-538AFD30D949}.Debug|x86.ActiveCfg = Debug|Any CPU
		{0B506791-7AFE-44ED-BCBC-538AFD30D949}.Debug|x86.Build.0 = Debug|Any CPU
		{0B506791-7AFE-44ED-BCBC-538AFD30D949}.Release|Any CPU.ActiveCfg = Release|Any CPU
		{0B506791-7AFE-44ED-BCBC-538AFD30D949}.Release|Any CPU.Build.0 = Release|Any CPU
		{0B506791-7AFE-44ED-BCBC-538AFD30D949}.Release|x64.ActiveCfg = Release|Any CPU
		{0B506791-7AFE-44ED-BCBC-538AFD30D949}.Release|x64.Build.0 = Release|Any CPU
		{0B506791-7AFE-44ED-BCBC-538AFD30D949}.Release|x86.ActiveCfg = Release|Any CPU
		{0B506791-7AFE-44ED-BCBC-538AFD30D949}.Release|x86.Build.0 = Release|Any CPU
	EndGlobalSection
	GlobalSection(SolutionProperties) = preSolution
		HideSolutionNode = FALSE
	EndGlobalSection
	GlobalSection(ExtensibilityGlobals) = postSolution
		SolutionGuid = {8215FB13-3FD8-4AA3-BBA5-CB436AC2F974}
	EndGlobalSection
EndGlobal
